
Microsoft Visual Studio Solution File, Format Version 12.00
# Visual Studio 15
VisualStudioVersion = 15.0.28307.852
MinimumVisualStudioVersion = 10.0.40219.1
Project("{8BC9CEB8-8B4A-11D0-8D11-00A0C91BC942}") = "HW2T2", "HW2T2\HW2T2.vcxproj", "{D3A42579-AB6C-42EE-B2E7-0DC8D0BB7849}"
EndProject
Global
	GlobalSection(SolutionConfigurationPlatforms) = preSolution
		Debug|x64 = Debug|x64
		Debug|x86 = Debug|x86
		Release|x64 = Release|x64
		Release|x86 = Release|x86
	EndGlobalSection
	GlobalSection(ProjectConfigurationPlatforms) = postSolution
		{D3A42579-AB6C-42EE-B2E7-0DC8D0BB7849}.Debug|x64.ActiveCfg = Debug|x64
		{D3A42579-AB6C-42EE-B2E7-0DC8D0BB7849}.Debug|x64.Build.0 = Debug|x64
		{D3A42579-AB6C-42EE-B2E7-0DC8D0BB7849}.Debug|x86.ActiveCfg = Debug|Win32
		{D3A42579-AB6C-42EE-B2E7-0DC8D0BB7849}.Debug|x86.Build.0 = Debug|Win32
		{D3A42579-AB6C-42EE-B2E7-0DC8D0BB7849}.Release|x64.ActiveCfg = Release|x64
		{D3A42579-AB6C-42EE-B2E7-0DC8D0BB7849}.Release|x64.Build.0 = Release|x64
		{D3A42579-AB6C-42EE-B2E7-0DC8D0BB7849}.Release|x86.ActiveCfg = Release|Win32
		{D3A42579-AB6C-42EE-B2E7-0DC8D0BB7849}.Release|x86.Build.0 = Release|Win32
	EndGlobalSection
	GlobalSection(SolutionProperties) = preSolution
		HideSolutionNode = FALSE
	EndGlobalSection
	GlobalSection(ExtensibilityGlobals) = postSolution
		SolutionGuid = {447D7FBE-A7F3-452A-AA4D-0BEED16AD328}
	EndGlobalSection
EndGlobal
