
Microsoft Visual Studio Solution File, Format Version 12.00
# Visual Studio 15
VisualStudioVersion = 15.0.28307.852
MinimumVisualStudioVersion = 10.0.40219.1
Project("{8BC9CEB8-8B4A-11D0-8D11-00A0C91BC942}") = "HW1T6", "HW1T6\HW1T6.vcxproj", "{86531BF4-5614-4A63-BEE6-A693343D4524}"
EndProject
Global
	GlobalSection(SolutionConfigurationPlatforms) = preSolution
		Debug|x64 = Debug|x64
		Debug|x86 = Debug|x86
		Release|x64 = Release|x64
		Release|x86 = Release|x86
	EndGlobalSection
	GlobalSection(ProjectConfigurationPlatforms) = postSolution
		{86531BF4-5614-4A63-BEE6-A693343D4524}.Debug|x64.ActiveCfg = Debug|x64
		{86531BF4-5614-4A63-BEE6-A693343D4524}.Debug|x64.Build.0 = Debug|x64
		{86531BF4-5614-4A63-BEE6-A693343D4524}.Debug|x86.ActiveCfg = Debug|Win32
		{86531BF4-5614-4A63-BEE6-A693343D4524}.Debug|x86.Build.0 = Debug|Win32
		{86531BF4-5614-4A63-BEE6-A693343D4524}.Release|x64.ActiveCfg = Release|x64
		{86531BF4-5614-4A63-BEE6-A693343D4524}.Release|x64.Build.0 = Release|x64
		{86531BF4-5614-4A63-BEE6-A693343D4524}.Release|x86.ActiveCfg = Release|Win32
		{86531BF4-5614-4A63-BEE6-A693343D4524}.Release|x86.Build.0 = Release|Win32
	EndGlobalSection
	GlobalSection(SolutionProperties) = preSolution
		HideSolutionNode = FALSE
	EndGlobalSection
	GlobalSection(ExtensibilityGlobals) = postSolution
		SolutionGuid = {1C45A7BB-50B1-4AD6-9CE5-6B819D79354D}
	EndGlobalSection
EndGlobal
