
Microsoft Visual Studio Solution File, Format Version 12.00
# Visual Studio 15
VisualStudioVersion = 15.0.28307.852
MinimumVisualStudioVersion = 10.0.40219.1
Project("{8BC9CEB8-8B4A-11D0-8D11-00A0C91BC942}") = "HW13T2", "HW13T2\HW13T2.vcxproj", "{5C9449A5-F2C4-4C2F-9A74-6C492BCBFEE8}"
EndProject
Global
	GlobalSection(SolutionConfigurationPlatforms) = preSolution
		Debug|x64 = Debug|x64
		Debug|x86 = Debug|x86
		Release|x64 = Release|x64
		Release|x86 = Release|x86
	EndGlobalSection
	GlobalSection(ProjectConfigurationPlatforms) = postSolution
		{5C9449A5-F2C4-4C2F-9A74-6C492BCBFEE8}.Debug|x64.ActiveCfg = Debug|x64
		{5C9449A5-F2C4-4C2F-9A74-6C492BCBFEE8}.Debug|x64.Build.0 = Debug|x64
		{5C9449A5-F2C4-4C2F-9A74-6C492BCBFEE8}.Debug|x86.ActiveCfg = Debug|Win32
		{5C9449A5-F2C4-4C2F-9A74-6C492BCBFEE8}.Debug|x86.Build.0 = Debug|Win32
		{5C9449A5-F2C4-4C2F-9A74-6C492BCBFEE8}.Release|x64.ActiveCfg = Release|x64
		{5C9449A5-F2C4-4C2F-9A74-6C492BCBFEE8}.Release|x64.Build.0 = Release|x64
		{5C9449A5-F2C4-4C2F-9A74-6C492BCBFEE8}.Release|x86.ActiveCfg = Release|Win32
		{5C9449A5-F2C4-4C2F-9A74-6C492BCBFEE8}.Release|x86.Build.0 = Release|Win32
	EndGlobalSection
	GlobalSection(SolutionProperties) = preSolution
		HideSolutionNode = FALSE
	EndGlobalSection
	GlobalSection(ExtensibilityGlobals) = postSolution
		SolutionGuid = {B6089DBA-7258-4B58-84B7-40718D100DCD}
	EndGlobalSection
EndGlobal
