
Microsoft Visual Studio Solution File, Format Version 12.00
# Visual Studio 15
VisualStudioVersion = 15.0.28307.852
MinimumVisualStudioVersion = 10.0.40219.1
Project("{8BC9CEB8-8B4A-11D0-8D11-00A0C91BC942}") = "HW1T7", "HW1T7\HW1T7.vcxproj", "{A7D1AB6D-E4E4-448D-8E85-517FC889ADBD}"
EndProject
Global
	GlobalSection(SolutionConfigurationPlatforms) = preSolution
		Debug|x64 = Debug|x64
		Debug|x86 = Debug|x86
		Release|x64 = Release|x64
		Release|x86 = Release|x86
	EndGlobalSection
	GlobalSection(ProjectConfigurationPlatforms) = postSolution
		{A7D1AB6D-E4E4-448D-8E85-517FC889ADBD}.Debug|x64.ActiveCfg = Debug|x64
		{A7D1AB6D-E4E4-448D-8E85-517FC889ADBD}.Debug|x64.Build.0 = Debug|x64
		{A7D1AB6D-E4E4-448D-8E85-517FC889ADBD}.Debug|x86.ActiveCfg = Debug|Win32
		{A7D1AB6D-E4E4-448D-8E85-517FC889ADBD}.Debug|x86.Build.0 = Debug|Win32
		{A7D1AB6D-E4E4-448D-8E85-517FC889ADBD}.Release|x64.ActiveCfg = Release|x64
		{A7D1AB6D-E4E4-448D-8E85-517FC889ADBD}.Release|x64.Build.0 = Release|x64
		{A7D1AB6D-E4E4-448D-8E85-517FC889ADBD}.Release|x86.ActiveCfg = Release|Win32
		{A7D1AB6D-E4E4-448D-8E85-517FC889ADBD}.Release|x86.Build.0 = Release|Win32
	EndGlobalSection
	GlobalSection(SolutionProperties) = preSolution
		HideSolutionNode = FALSE
	EndGlobalSection
	GlobalSection(ExtensibilityGlobals) = postSolution
		SolutionGuid = {E5534707-0F53-4012-B4B4-171D16F66172}
	EndGlobalSection
EndGlobal
